
Microsoft Visual Studio Solution File, Format Version 12.00
# Visual Studio 14
VisualStudioVersion = 14.0.25420.1
MinimumVisualStudioVersion = 10.0.40219.1
Project("{FAE04EC0-301F-11D3-BF4B-00C04F79EFBC}") = "LearnCS-Lesson10", "LearnCS-Lesson10\LearnCS-Lesson10.csproj", "{60521A43-E4B6-47BC-96FF-481F173736A7}"
EndProject
Project("{FAE04EC0-301F-11D3-BF4B-00C04F79EFBC}") = "LearnCS-Lesson01", "LearnCS-Lesson01\LearnCS-Lesson01.csproj", "{CADDE58E-8DE2-4807-A91B-5C7633C0F932}"
EndProject
Project("{FAE04EC0-301F-11D3-BF4B-00C04F79EFBC}") = "LearnCS-Lesson02", "LearnCS-Lesson02\LearnCS-Lesson02.csproj", "{EE9CD0BF-F956-499A-9C03-DEB3020144C4}"
EndProject
Project("{FAE04EC0-301F-11D3-BF4B-00C04F79EFBC}") = "LearnCS-Lesson03", "LearnCS-Lesson03\LearnCS-Lesson03.csproj", "{D900C10E-2EE8-4DD4-B5C7-D468BCC8A974}"
EndProject
Project("{FAE04EC0-301F-11D3-BF4B-00C04F79EFBC}") = "LearnCS-Lesson04", "LearnCS-Lesson04\LearnCS-Lesson04.csproj", "{A9DBA1C2-E8F6-42DB-8330-81DB7B1806F6}"
EndProject
Project("{FAE04EC0-301F-11D3-BF4B-00C04F79EFBC}") = "LearnCS-Lesson05", "LearnCS-Lesson05\LearnCS-Lesson05.csproj", "{7473F4D1-1D5B-4241-9BF8-ED7190B52943}"
EndProject
Project("{FAE04EC0-301F-11D3-BF4B-00C04F79EFBC}") = "LearnCS-Lesson06", "LearnCS-Lesson06\LearnCS-Lesson06.csproj", "{5B008270-6E9A-4FD3-AAC4-093416AF5D04}"
EndProject
Project("{FAE04EC0-301F-11D3-BF4B-00C04F79EFBC}") = "LearnCS-Lesson07", "LearnCS-Lesson07\LearnCS-Lesson07.csproj", "{BE9913D4-7D81-4A5B-9B2E-688B8681651C}"
EndProject
Project("{FAE04EC0-301F-11D3-BF4B-00C04F79EFBC}") = "LearnCS-Lesson08", "LearnCS-Lesson08\LearnCS-Lesson08.csproj", "{BC1364F9-09A3-4562-A66F-F2FD82D11587}"
EndProject
Project("{FAE04EC0-301F-11D3-BF4B-00C04F79EFBC}") = "LearnCS-Lesson09", "LearnCS-Lesson09\LearnCS-Lesson09.csproj", "{9EA2333D-5EF6-44B3-BDC4-51A55B90C08F}"
EndProject
Project("{FAE04EC0-301F-11D3-BF4B-00C04F79EFBC}") = "LearnCS-Lesson11", "LearnCS-Lesson11\LearnCS-Lesson11.csproj", "{6F66FDAC-D31B-4A8A-B2EB-3F12DBA6C7B3}"
EndProject
Project("{FAE04EC0-301F-11D3-BF4B-00C04F79EFBC}") = "LearnCS-Lesson12", "LearnCS-Lesson12\LearnCS-Lesson12.csproj", "{EDDC0BB5-27A2-474F-AF8C-A2AAEEA4939F}"
EndProject
Project("{FAE04EC0-301F-11D3-BF4B-00C04F79EFBC}") = "LearnCS-Lesson13", "LearnCS-Lesson13\LearnCS-Lesson13.csproj", "{5BC901A2-589A-4886-A1FA-775405273895}"
EndProject
Project("{FAE04EC0-301F-11D3-BF4B-00C04F79EFBC}") = "LearnCS-Lesson14", "LearnCS-Lesson14\LearnCS-Lesson14.csproj", "{05DF10A0-D693-4B0A-849C-19BB82746924}"
EndProject
Global
	GlobalSection(SolutionConfigurationPlatforms) = preSolution
		Debug|Any CPU = Debug|Any CPU
		Release|Any CPU = Release|Any CPU
	EndGlobalSection
	GlobalSection(ProjectConfigurationPlatforms) = postSolution
		{60521A43-E4B6-47BC-96FF-481F173736A7}.Debug|Any CPU.ActiveCfg = Debug|Any CPU
		{60521A43-E4B6-47BC-96FF-481F173736A7}.Debug|Any CPU.Build.0 = Debug|Any CPU
		{60521A43-E4B6-47BC-96FF-481F173736A7}.Release|Any CPU.ActiveCfg = Release|Any CPU
		{60521A43-E4B6-47BC-96FF-481F173736A7}.Release|Any CPU.Build.0 = Release|Any CPU
		{CADDE58E-8DE2-4807-A91B-5C7633C0F932}.Debug|Any CPU.ActiveCfg = Debug|Any CPU
		{CADDE58E-8DE2-4807-A91B-5C7633C0F932}.Debug|Any CPU.Build.0 = Debug|Any CPU
		{CADDE58E-8DE2-4807-A91B-5C7633C0F932}.Release|Any CPU.ActiveCfg = Release|Any CPU
		{CADDE58E-8DE2-4807-A91B-5C7633C0F932}.Release|Any CPU.Build.0 = Release|Any CPU
		{EE9CD0BF-F956-499A-9C03-DEB3020144C4}.Debug|Any CPU.ActiveCfg = Debug|Any CPU
		{EE9CD0BF-F956-499A-9C03-DEB3020144C4}.Debug|Any CPU.Build.0 = Debug|Any CPU
		{EE9CD0BF-F956-499A-9C03-DEB3020144C4}.Release|Any CPU.ActiveCfg = Release|Any CPU
		{EE9CD0BF-F956-499A-9C03-DEB3020144C4}.Release|Any CPU.Build.0 = Release|Any CPU
		{D900C10E-2EE8-4DD4-B5C7-D468BCC8A974}.Debug|Any CPU.ActiveCfg = Debug|Any CPU
		{D900C10E-2EE8-4DD4-B5C7-D468BCC8A974}.Debug|Any CPU.Build.0 = Debug|Any CPU
		{D900C10E-2EE8-4DD4-B5C7-D468BCC8A974}.Release|Any CPU.ActiveCfg = Release|Any CPU
		{D900C10E-2EE8-4DD4-B5C7-D468BCC8A974}.Release|Any CPU.Build.0 = Release|Any CPU
		{A9DBA1C2-E8F6-42DB-8330-81DB7B1806F6}.Debug|Any CPU.ActiveCfg = Debug|Any CPU
		{A9DBA1C2-E8F6-42DB-8330-81DB7B1806F6}.Debug|Any CPU.Build.0 = Debug|Any CPU
		{A9DBA1C2-E8F6-42DB-8330-81DB7B1806F6}.Release|Any CPU.ActiveCfg = Release|Any CPU
		{A9DBA1C2-E8F6-42DB-8330-81DB7B1806F6}.Release|Any CPU.Build.0 = Release|Any CPU
		{7473F4D1-1D5B-4241-9BF8-ED7190B52943}.Debug|Any CPU.ActiveCfg = Debug|Any CPU
		{7473F4D1-1D5B-4241-9BF8-ED7190B52943}.Debug|Any CPU.Build.0 = Debug|Any CPU
		{7473F4D1-1D5B-4241-9BF8-ED7190B52943}.Release|Any CPU.ActiveCfg = Release|Any CPU
		{7473F4D1-1D5B-4241-9BF8-ED7190B52943}.Release|Any CPU.Build.0 = Release|Any CPU
		{5B008270-6E9A-4FD3-AAC4-093416AF5D04}.Debug|Any CPU.ActiveCfg = Debug|Any CPU
		{5B008270-6E9A-4FD3-AAC4-093416AF5D04}.Debug|Any CPU.Build.0 = Debug|Any CPU
		{5B008270-6E9A-4FD3-AAC4-093416AF5D04}.Release|Any CPU.ActiveCfg = Release|Any CPU
		{5B008270-6E9A-4FD3-AAC4-093416AF5D04}.Release|Any CPU.Build.0 = Release|Any CPU
		{BE9913D4-7D81-4A5B-9B2E-688B8681651C}.Debug|Any CPU.ActiveCfg = Debug|Any CPU
		{BE9913D4-7D81-4A5B-9B2E-688B8681651C}.Debug|Any CPU.Build.0 = Debug|Any CPU
		{BE9913D4-7D81-4A5B-9B2E-688B8681651C}.Release|Any CPU.ActiveCfg = Release|Any CPU
		{BE9913D4-7D81-4A5B-9B2E-688B8681651C}.Release|Any CPU.Build.0 = Release|Any CPU
		{BC1364F9-09A3-4562-A66F-F2FD82D11587}.Debug|Any CPU.ActiveCfg = Debug|Any CPU
		{BC1364F9-09A3-4562-A66F-F2FD82D11587}.Debug|Any CPU.Build.0 = Debug|Any CPU
		{BC1364F9-09A3-4562-A66F-F2FD82D11587}.Release|Any CPU.ActiveCfg = Release|Any CPU
		{BC1364F9-09A3-4562-A66F-F2FD82D11587}.Release|Any CPU.Build.0 = Release|Any CPU
		{9EA2333D-5EF6-44B3-BDC4-51A55B90C08F}.Debug|Any CPU.ActiveCfg = Debug|Any CPU
		{9EA2333D-5EF6-44B3-BDC4-51A55B90C08F}.Debug|Any CPU.Build.0 = Debug|Any CPU
		{9EA2333D-5EF6-44B3-BDC4-51A55B90C08F}.Release|Any CPU.ActiveCfg = Release|Any CPU
		{9EA2333D-5EF6-44B3-BDC4-51A55B90C08F}.Release|Any CPU.Build.0 = Release|Any CPU
		{6F66FDAC-D31B-4A8A-B2EB-3F12DBA6C7B3}.Debug|Any CPU.ActiveCfg = Debug|Any CPU
		{6F66FDAC-D31B-4A8A-B2EB-3F12DBA6C7B3}.Debug|Any CPU.Build.0 = Debug|Any CPU
		{6F66FDAC-D31B-4A8A-B2EB-3F12DBA6C7B3}.Release|Any CPU.ActiveCfg = Release|Any CPU
		{6F66FDAC-D31B-4A8A-B2EB-3F12DBA6C7B3}.Release|Any CPU.Build.0 = Release|Any CPU
		{EDDC0BB5-27A2-474F-AF8C-A2AAEEA4939F}.Debug|Any CPU.ActiveCfg = Debug|Any CPU
		{EDDC0BB5-27A2-474F-AF8C-A2AAEEA4939F}.Debug|Any CPU.Build.0 = Debug|Any CPU
		{EDDC0BB5-27A2-474F-AF8C-A2AAEEA4939F}.Release|Any CPU.ActiveCfg = Release|Any CPU
		{EDDC0BB5-27A2-474F-AF8C-A2AAEEA4939F}.Release|Any CPU.Build.0 = Release|Any CPU
		{5BC901A2-589A-4886-A1FA-775405273895}.Debug|Any CPU.ActiveCfg = Debug|Any CPU
		{5BC901A2-589A-4886-A1FA-775405273895}.Debug|Any CPU.Build.0 = Debug|Any CPU
		{5BC901A2-589A-4886-A1FA-775405273895}.Release|Any CPU.ActiveCfg = Release|Any CPU
		{5BC901A2-589A-4886-A1FA-775405273895}.Release|Any CPU.Build.0 = Release|Any CPU
		{05DF10A0-D693-4B0A-849C-19BB82746924}.Debug|Any CPU.ActiveCfg = Debug|Any CPU
		{05DF10A0-D693-4B0A-849C-19BB82746924}.Debug|Any CPU.Build.0 = Debug|Any CPU
		{05DF10A0-D693-4B0A-849C-19BB82746924}.Release|Any CPU.ActiveCfg = Release|Any CPU
		{05DF10A0-D693-4B0A-849C-19BB82746924}.Release|Any CPU.Build.0 = Release|Any CPU
	EndGlobalSection
	GlobalSection(SolutionProperties) = preSolution
		HideSolutionNode = FALSE
	EndGlobalSection
EndGlobal
